// !$*UTF8*$!
{
	archiveVersion = 1;
	classes = {
	};
	objectVersion = 50;
	objects = {

/* Begin PBXBuildFile section */
		2A850D5D2443D06C257BCE21 /* Pods_AppStoreTest.framework in Frameworks */ = {isa = PBXBuildFile; fileRef = 5F60FED07498D4A42BF885B7 /* Pods_AppStoreTest.framework */; };
		CB2A2CA6226B235200EF8C8E /* SocialApp.swift in Sources */ = {isa = PBXBuildFile; fileRef = CB2A2CA5226B235200EF8C8E /* SocialApp.swift */; };
		CB2A2CAA226B382800EF8C8E /* HorizontalSnappingCVC.swift in Sources */ = {isa = PBXBuildFile; fileRef = CB2A2CA9226B382800EF8C8E /* HorizontalSnappingCVC.swift */; };
		CB2A2CAD226B873800EF8C8E /* TodayController.swift in Sources */ = {isa = PBXBuildFile; fileRef = CB2A2CAC226B873800EF8C8E /* TodayController.swift */; };
		CB2A2CAF226B945F00EF8C8E /* TodayCell.swift in Sources */ = {isa = PBXBuildFile; fileRef = CB2A2CAE226B945F00EF8C8E /* TodayCell.swift */; };
		CB7AC2B9226C60050028369D /* AppFullScreenController.swift in Sources */ = {isa = PBXBuildFile; fileRef = CB7AC2B8226C60050028369D /* AppFullScreenController.swift */; };
		CB7AC2BB226C685A0028369D /* AppFullScreenDescriptionCell.swift in Sources */ = {isa = PBXBuildFile; fileRef = CB7AC2BA226C685A0028369D /* AppFullScreenDescriptionCell.swift */; };
		CB7AC2BF226CBA920028369D /* AppFullScreenHeaderCell.swift in Sources */ = {isa = PBXBuildFile; fileRef = CB7AC2BE226CBA920028369D /* AppFullScreenHeaderCell.swift */; };
		CB7D941E2269DC21007CB7FD /* AppsHorizontalController.swift in Sources */ = {isa = PBXBuildFile; fileRef = CB7D941D2269DC21007CB7FD /* AppsHorizontalController.swift */; };
		CB7D94202269E281007CB7FD /* AppsRowCell.swift in Sources */ = {isa = PBXBuildFile; fileRef = CB7D941F2269E281007CB7FD /* AppsRowCell.swift */; };
		CB7D94222269F6B3007CB7FD /* AppsHeader.swift in Sources */ = {isa = PBXBuildFile; fileRef = CB7D94212269F6B3007CB7FD /* AppsHeader.swift */; };
		CB7D94242269F7FA007CB7FD /* AppsHeaderHorizontalController.swift in Sources */ = {isa = PBXBuildFile; fileRef = CB7D94232269F7FA007CB7FD /* AppsHeaderHorizontalController.swift */; };
		CB7D94262269FC3C007CB7FD /* AppsHeaderCell.swift in Sources */ = {isa = PBXBuildFile; fileRef = CB7D94252269FC3C007CB7FD /* AppsHeaderCell.swift */; };
		CB7D9428226A14D2007CB7FD /* AppGroup.swift in Sources */ = {isa = PBXBuildFile; fileRef = CB7D9427226A14D2007CB7FD /* AppGroup.swift */; };
		CBA275352262720D00614A36 /* AppsController.swift in Sources */ = {isa = PBXBuildFile; fileRef = CBA275342262720D00614A36 /* AppsController.swift */; };
		CBA27538226363DE00614A36 /* AppsGroupCell.swift in Sources */ = {isa = PBXBuildFile; fileRef = CBA27537226363DE00614A36 /* AppsGroupCell.swift */; };
		CBA7D8DD225906EA00DF1559 /* AppDelegate.swift in Sources */ = {isa = PBXBuildFile; fileRef = CBA7D8DC225906EA00DF1559 /* AppDelegate.swift */; };
		CBA7D8DF225906EA00DF1559 /* ViewController.swift in Sources */ = {isa = PBXBuildFile; fileRef = CBA7D8DE225906EA00DF1559 /* ViewController.swift */; };
		CBA7D8E2225906EA00DF1559 /* Main.storyboard in Resources */ = {isa = PBXBuildFile; fileRef = CBA7D8E0225906EA00DF1559 /* Main.storyboard */; };
		CBA7D8E4225906EB00DF1559 /* Assets.xcassets in Resources */ = {isa = PBXBuildFile; fileRef = CBA7D8E3225906EB00DF1559 /* Assets.xcassets */; };
		CBA7D8E7225906EB00DF1559 /* LaunchScreen.storyboard in Resources */ = {isa = PBXBuildFile; fileRef = CBA7D8E5225906EB00DF1559 /* LaunchScreen.storyboard */; };
		CBA7D8EF225922BE00DF1559 /* BaseTabBarController.swift in Sources */ = {isa = PBXBuildFile; fileRef = CBA7D8EE225922BE00DF1559 /* BaseTabBarController.swift */; };
		CBA7D8F222592A1600DF1559 /* SearchController.swift in Sources */ = {isa = PBXBuildFile; fileRef = CBA7D8F122592A1600DF1559 /* SearchController.swift */; };
		CBA7D8F52259659D00DF1559 /* SearchResultCell.swift in Sources */ = {isa = PBXBuildFile; fileRef = CBA7D8F42259659D00DF1559 /* SearchResultCell.swift */; };
		CBA7D8F8225A860700DF1559 /* SearchResult.swift in Sources */ = {isa = PBXBuildFile; fileRef = CBA7D8F7225A860700DF1559 /* SearchResult.swift */; };
		CBA7D8FB225A8A5B00DF1559 /* Service.swift in Sources */ = {isa = PBXBuildFile; fileRef = CBA7D8FA225A8A5B00DF1559 /* Service.swift */; };
/* End PBXBuildFile section */

/* Begin PBXFileReference section */
		25800B6013E43C305D0A09A6 /* Pods-AppStoreTest.release.xcconfig */ = {isa = PBXFileReference; includeInIndex = 1; lastKnownFileType = text.xcconfig; name = "Pods-AppStoreTest.release.xcconfig"; path = "Pods/Target Support Files/Pods-AppStoreTest/Pods-AppStoreTest.release.xcconfig"; sourceTree = "<group>"; };
		5F60FED07498D4A42BF885B7 /* Pods_AppStoreTest.framework */ = {isa = PBXFileReference; explicitFileType = wrapper.framework; includeInIndex = 0; path = Pods_AppStoreTest.framework; sourceTree = BUILT_PRODUCTS_DIR; };
		CB2A2CA5226B235200EF8C8E /* SocialApp.swift */ = {isa = PBXFileReference; lastKnownFileType = sourcecode.swift; path = SocialApp.swift; sourceTree = "<group>"; };
		CB2A2CA9226B382800EF8C8E /* HorizontalSnappingCVC.swift */ = {isa = PBXFileReference; lastKnownFileType = sourcecode.swift; path = HorizontalSnappingCVC.swift; sourceTree = "<group>"; };
		CB2A2CAC226B873800EF8C8E /* TodayController.swift */ = {isa = PBXFileReference; lastKnownFileType = sourcecode.swift; path = TodayController.swift; sourceTree = "<group>"; };
		CB2A2CAE226B945F00EF8C8E /* TodayCell.swift */ = {isa = PBXFileReference; lastKnownFileType = sourcecode.swift; path = TodayCell.swift; sourceTree = "<group>"; };
		CB7AC2B8226C60050028369D /* AppFullScreenController.swift */ = {isa = PBXFileReference; lastKnownFileType = sourcecode.swift; path = AppFullScreenController.swift; sourceTree = "<group>"; };
		CB7AC2BA226C685A0028369D /* AppFullScreenDescriptionCell.swift */ = {isa = PBXFileReference; lastKnownFileType = sourcecode.swift; path = AppFullScreenDescriptionCell.swift; sourceTree = "<group>"; };
		CB7AC2BE226CBA920028369D /* AppFullScreenHeaderCell.swift */ = {isa = PBXFileReference; lastKnownFileType = sourcecode.swift; path = AppFullScreenHeaderCell.swift; sourceTree = "<group>"; };
		CB7D941D2269DC21007CB7FD /* AppsHorizontalController.swift */ = {isa = PBXFileReference; lastKnownFileType = sourcecode.swift; path = AppsHorizontalController.swift; sourceTree = "<group>"; };
		CB7D941F2269E281007CB7FD /* AppsRowCell.swift */ = {isa = PBXFileReference; lastKnownFileType = sourcecode.swift; path = AppsRowCell.swift; sourceTree = "<group>"; };
		CB7D94212269F6B3007CB7FD /* AppsHeader.swift */ = {isa = PBXFileReference; lastKnownFileType = sourcecode.swift; path = AppsHeader.swift; sourceTree = "<group>"; };
		CB7D94232269F7FA007CB7FD /* AppsHeaderHorizontalController.swift */ = {isa = PBXFileReference; lastKnownFileType = sourcecode.swift; path = AppsHeaderHorizontalController.swift; sourceTree = "<group>"; };
		CB7D94252269FC3C007CB7FD /* AppsHeaderCell.swift */ = {isa = PBXFileReference; lastKnownFileType = sourcecode.swift; path = AppsHeaderCell.swift; sourceTree = "<group>"; };
		CB7D9427226A14D2007CB7FD /* AppGroup.swift */ = {isa = PBXFileReference; lastKnownFileType = sourcecode.swift; path = AppGroup.swift; sourceTree = "<group>"; };
		CBA275342262720D00614A36 /* AppsController.swift */ = {isa = PBXFileReference; lastKnownFileType = sourcecode.swift; path = AppsController.swift; sourceTree = "<group>"; };
		CBA27537226363DE00614A36 /* AppsGroupCell.swift */ = {isa = PBXFileReference; lastKnownFileType = sourcecode.swift; path = AppsGroupCell.swift; sourceTree = "<group>"; };
		CBA7D8D9225906EA00DF1559 /* AppStoreTest.app */ = {isa = PBXFileReference; explicitFileType = wrapper.application; includeInIndex = 0; path = AppStoreTest.app; sourceTree = BUILT_PRODUCTS_DIR; };
		CBA7D8DC225906EA00DF1559 /* AppDelegate.swift */ = {isa = PBXFileReference; lastKnownFileType = sourcecode.swift; path = AppDelegate.swift; sourceTree = "<group>"; };
		CBA7D8DE225906EA00DF1559 /* ViewController.swift */ = {isa = PBXFileReference; lastKnownFileType = sourcecode.swift; path = ViewController.swift; sourceTree = "<group>"; };
		CBA7D8E1225906EA00DF1559 /* Base */ = {isa = PBXFileReference; lastKnownFileType = file.storyboard; name = Base; path = Base.lproj/Main.storyboard; sourceTree = "<group>"; };
		CBA7D8E3225906EB00DF1559 /* Assets.xcassets */ = {isa = PBXFileReference; lastKnownFileType = folder.assetcatalog; path = Assets.xcassets; sourceTree = "<group>"; };
		CBA7D8E6225906EB00DF1559 /* Base */ = {isa = PBXFileReference; lastKnownFileType = file.storyboard; name = Base; path = Base.lproj/LaunchScreen.storyboard; sourceTree = "<group>"; };
		CBA7D8E8225906EB00DF1559 /* Info.plist */ = {isa = PBXFileReference; lastKnownFileType = text.plist.xml; path = Info.plist; sourceTree = "<group>"; };
		CBA7D8EE225922BE00DF1559 /* BaseTabBarController.swift */ = {isa = PBXFileReference; lastKnownFileType = sourcecode.swift; path = BaseTabBarController.swift; sourceTree = "<group>"; };
		CBA7D8F122592A1600DF1559 /* SearchController.swift */ = {isa = PBXFileReference; lastKnownFileType = sourcecode.swift; path = SearchController.swift; sourceTree = "<group>"; };
		CBA7D8F42259659D00DF1559 /* SearchResultCell.swift */ = {isa = PBXFileReference; lastKnownFileType = sourcecode.swift; path = SearchResultCell.swift; sourceTree = "<group>"; };
		CBA7D8F7225A860700DF1559 /* SearchResult.swift */ = {isa = PBXFileReference; lastKnownFileType = sourcecode.swift; path = SearchResult.swift; sourceTree = "<group>"; };
		CBA7D8FA225A8A5B00DF1559 /* Service.swift */ = {isa = PBXFileReference; lastKnownFileType = sourcecode.swift; path = Service.swift; sourceTree = "<group>"; };
		D3E345CC88691AB91929BAFF /* Pods-AppStoreTest.debug.xcconfig */ = {isa = PBXFileReference; includeInIndex = 1; lastKnownFileType = text.xcconfig; name = "Pods-AppStoreTest.debug.xcconfig"; path = "Pods/Target Support Files/Pods-AppStoreTest/Pods-AppStoreTest.debug.xcconfig"; sourceTree = "<group>"; };
/* End PBXFileReference section */

/* Begin PBXFrameworksBuildPhase section */
		CBA7D8D6225906EA00DF1559 /* Frameworks */ = {
			isa = PBXFrameworksBuildPhase;
			buildActionMask = 2147483647;
			files = (
				2A850D5D2443D06C257BCE21 /* Pods_AppStoreTest.framework in Frameworks */,
			);
			runOnlyForDeploymentPostprocessing = 0;
		};
/* End PBXFrameworksBuildPhase section */

/* Begin PBXGroup section */
		9C072EC153E3F3FC13359972 /* Frameworks */ = {
			isa = PBXGroup;
			children = (
				5F60FED07498D4A42BF885B7 /* Pods_AppStoreTest.framework */,
			);
			name = Frameworks;
			sourceTree = "<group>";
		};
		CB2A2CA7226B37F400EF8C8E /* Utils */ = {
			isa = PBXGroup;
			children = (
				CB2A2CA8226B380A00EF8C8E /* Helper */,
			);
			path = Utils;
			sourceTree = "<group>";
		};
		CB2A2CA8226B380A00EF8C8E /* Helper */ = {
			isa = PBXGroup;
			children = (
				CB2A2CA9226B382800EF8C8E /* HorizontalSnappingCVC.swift */,
			);
			path = Helper;
			sourceTree = "<group>";
		};
		CB2A2CAB226B871F00EF8C8E /* Today */ = {
			isa = PBXGroup;
			children = (
				CB2A2CAC226B873800EF8C8E /* TodayController.swift */,
				CB7AC2B8226C60050028369D /* AppFullScreenController.swift */,
			);
			path = Today;
			sourceTree = "<group>";
		};
		CBA27533226271F000614A36 /* Apps */ = {
			isa = PBXGroup;
			children = (
				CBA275342262720D00614A36 /* AppsController.swift */,
				CB7D941D2269DC21007CB7FD /* AppsHorizontalController.swift */,
				CB7D94232269F7FA007CB7FD /* AppsHeaderHorizontalController.swift */,
			);
			path = Apps;
			sourceTree = "<group>";
		};
		CBA275362262754F00614A36 /* Search */ = {
			isa = PBXGroup;
			children = (
				CBA7D8F122592A1600DF1559 /* SearchController.swift */,
			);
			path = Search;
			sourceTree = "<group>";
		};
		CBA7D8D0225906EA00DF1559 = {
			isa = PBXGroup;
			children = (
				CBA7D8DB225906EA00DF1559 /* AppStoreTest */,
				CBA7D8DA225906EA00DF1559 /* Products */,
				FC08A08AAD64DC1853A20270 /* Pods */,
				9C072EC153E3F3FC13359972 /* Frameworks */,
			);
			sourceTree = "<group>";
		};
		CBA7D8DA225906EA00DF1559 /* Products */ = {
			isa = PBXGroup;
			children = (
				CBA7D8D9225906EA00DF1559 /* AppStoreTest.app */,
			);
			name = Products;
			sourceTree = "<group>";
		};
		CBA7D8DB225906EA00DF1559 /* AppStoreTest */ = {
			isa = PBXGroup;
			children = (
				CBA7D8F0225929F000DF1559 /* Controller */,
				CBA7D8F9225A8A4B00DF1559 /* Service */,
				CBA7D8F6225A85F600DF1559 /* Model */,
				CBA7D8F32259658800DF1559 /* View */,
				CB2A2CA7226B37F400EF8C8E /* Utils */,
				CBA7D8DC225906EA00DF1559 /* AppDelegate.swift */,
				CBA7D8DE225906EA00DF1559 /* ViewController.swift */,
				CBA7D8E0225906EA00DF1559 /* Main.storyboard */,
				CBA7D8E3225906EB00DF1559 /* Assets.xcassets */,
				CBA7D8E5225906EB00DF1559 /* LaunchScreen.storyboard */,
				CBA7D8E8225906EB00DF1559 /* Info.plist */,
			);
			path = AppStoreTest;
			sourceTree = "<group>";
		};
		CBA7D8F0225929F000DF1559 /* Controller */ = {
			isa = PBXGroup;
			children = (
				CB2A2CAB226B871F00EF8C8E /* Today */,
				CBA275362262754F00614A36 /* Search */,
				CBA27533226271F000614A36 /* Apps */,
				CBA7D8EE225922BE00DF1559 /* BaseTabBarController.swift */,
			);
			path = Controller;
			sourceTree = "<group>";
		};
		CBA7D8F32259658800DF1559 /* View */ = {
			isa = PBXGroup;
			children = (
				CB7D94212269F6B3007CB7FD /* AppsHeader.swift */,
				CBA7D8F42259659D00DF1559 /* SearchResultCell.swift */,
				CBA27537226363DE00614A36 /* AppsGroupCell.swift */,
				CB7D941F2269E281007CB7FD /* AppsRowCell.swift */,
				CB7D94252269FC3C007CB7FD /* AppsHeaderCell.swift */,
				CB2A2CAE226B945F00EF8C8E /* TodayCell.swift */,
				CB7AC2BA226C685A0028369D /* AppFullScreenDescriptionCell.swift */,
				CB7AC2BE226CBA920028369D /* AppFullScreenHeaderCell.swift */,
			);
			path = View;
			sourceTree = "<group>";
		};
		CBA7D8F6225A85F600DF1559 /* Model */ = {
			isa = PBXGroup;
			children = (
				CBA7D8F7225A860700DF1559 /* SearchResult.swift */,
				CB7D9427226A14D2007CB7FD /* AppGroup.swift */,
				CB2A2CA5226B235200EF8C8E /* SocialApp.swift */,
			);
			path = Model;
			sourceTree = "<group>";
		};
		CBA7D8F9225A8A4B00DF1559 /* Service */ = {
			isa = PBXGroup;
			children = (
				CBA7D8FA225A8A5B00DF1559 /* Service.swift */,
			);
			path = Service;
			sourceTree = "<group>";
		};
		FC08A08AAD64DC1853A20270 /* Pods */ = {
			isa = PBXGroup;
			children = (
				D3E345CC88691AB91929BAFF /* Pods-AppStoreTest.debug.xcconfig */,
				25800B6013E43C305D0A09A6 /* Pods-AppStoreTest.release.xcconfig */,
			);
			name = Pods;
			sourceTree = "<group>";
		};
/* End PBXGroup section */

/* Begin PBXNativeTarget section */
		CBA7D8D8225906EA00DF1559 /* AppStoreTest */ = {
			isa = PBXNativeTarget;
			buildConfigurationList = CBA7D8EB225906EB00DF1559 /* Build configuration list for PBXNativeTarget "AppStoreTest" */;
			buildPhases = (
				FDD910C9E1269C87AB51F9B5 /* [CP] Check Pods Manifest.lock */,
				CBA7D8D5225906EA00DF1559 /* Sources */,
				CBA7D8D6225906EA00DF1559 /* Frameworks */,
				CBA7D8D7225906EA00DF1559 /* Resources */,
				8A112806EED4CD316B845705 /* [CP] Embed Pods Frameworks */,
			);
			buildRules = (
			);
			dependencies = (
			);
			name = AppStoreTest;
			productName = AppStoreTest;
			productReference = CBA7D8D9225906EA00DF1559 /* AppStoreTest.app */;
			productType = "com.apple.product-type.application";
		};
/* End PBXNativeTarget section */

/* Begin PBXProject section */
		CBA7D8D1225906EA00DF1559 /* Project object */ = {
			isa = PBXProject;
			attributes = {
				LastSwiftUpdateCheck = 1010;
				LastUpgradeCheck = 1010;
				ORGANIZATIONNAME = "Charlie Tuna";
				TargetAttributes = {
					CBA7D8D8225906EA00DF1559 = {
						CreatedOnToolsVersion = 10.1;
					};
				};
			};
			buildConfigurationList = CBA7D8D4225906EA00DF1559 /* Build configuration list for PBXProject "AppStoreTest" */;
			compatibilityVersion = "Xcode 9.3";
			developmentRegion = en;
			hasScannedForEncodings = 0;
			knownRegions = (
				en,
				Base,
			);
			mainGroup = CBA7D8D0225906EA00DF1559;
			productRefGroup = CBA7D8DA225906EA00DF1559 /* Products */;
			projectDirPath = "";
			projectRoot = "";
			targets = (
				CBA7D8D8225906EA00DF1559 /* AppStoreTest */,
			);
		};
/* End PBXProject section */

/* Begin PBXResourcesBuildPhase section */
		CBA7D8D7225906EA00DF1559 /* Resources */ = {
			isa = PBXResourcesBuildPhase;
			buildActionMask = 2147483647;
			files = (
				CBA7D8E7225906EB00DF1559 /* LaunchScreen.storyboard in Resources */,
				CBA7D8E4225906EB00DF1559 /* Assets.xcassets in Resources */,
				CBA7D8E2225906EA00DF1559 /* Main.storyboard in Resources */,
			);
			runOnlyForDeploymentPostprocessing = 0;
		};
/* End PBXResourcesBuildPhase section */

/* Begin PBXShellScriptBuildPhase section */
		8A112806EED4CD316B845705 /* [CP] Embed Pods Frameworks */ = {
			isa = PBXShellScriptBuildPhase;
			buildActionMask = 2147483647;
			files = (
			);
			inputPaths = (
				"${SRCROOT}/Pods/Target Support Files/Pods-AppStoreTest/Pods-AppStoreTest-frameworks.sh",
				"${BUILT_PRODUCTS_DIR}/SDWebImage/SDWebImage.framework",
				"${BUILT_PRODUCTS_DIR}/SnapKit/SnapKit.framework",
			);
			name = "[CP] Embed Pods Frameworks";
			outputPaths = (
				"${TARGET_BUILD_DIR}/${FRAMEWORKS_FOLDER_PATH}/SDWebImage.framework",
				"${TARGET_BUILD_DIR}/${FRAMEWORKS_FOLDER_PATH}/SnapKit.framework",
			);
			runOnlyForDeploymentPostprocessing = 0;
			shellPath = /bin/sh;
			shellScript = "\"${SRCROOT}/Pods/Target Support Files/Pods-AppStoreTest/Pods-AppStoreTest-frameworks.sh\"\n";
			showEnvVarsInLog = 0;
		};
		FDD910C9E1269C87AB51F9B5 /* [CP] Check Pods Manifest.lock */ = {
			isa = PBXShellScriptBuildPhase;
			buildActionMask = 2147483647;
			files = (
			);
			inputPaths = (
				"${PODS_PODFILE_DIR_PATH}/Podfile.lock",
				"${PODS_ROOT}/Manifest.lock",
			);
			name = "[CP] Check Pods Manifest.lock";
			outputPaths = (
				"$(DERIVED_FILE_DIR)/Pods-AppStoreTest-checkManifestLockResult.txt",
			);
			runOnlyForDeploymentPostprocessing = 0;
			shellPath = /bin/sh;
			shellScript = "diff \"${PODS_PODFILE_DIR_PATH}/Podfile.lock\" \"${PODS_ROOT}/Manifest.lock\" > /dev/null\nif [ $? != 0 ] ; then\n    # print error to STDERR\n    echo \"error: The sandbox is not in sync with the Podfile.lock. Run 'pod install' or update your CocoaPods installation.\" >&2\n    exit 1\nfi\n# This output is used by Xcode 'outputs' to avoid re-running this script phase.\necho \"SUCCESS\" > \"${SCRIPT_OUTPUT_FILE_0}\"\n";
			showEnvVarsInLog = 0;
		};
/* End PBXShellScriptBuildPhase section */

/* Begin PBXSourcesBuildPhase section */
		CBA7D8D5225906EA00DF1559 /* Sources */ = {
			isa = PBXSourcesBuildPhase;
			buildActionMask = 2147483647;
			files = (
				CB7D94222269F6B3007CB7FD /* AppsHeader.swift in Sources */,
				CBA7D8DF225906EA00DF1559 /* ViewController.swift in Sources */,
				CB7D94242269F7FA007CB7FD /* AppsHeaderHorizontalController.swift in Sources */,
				CB7D94202269E281007CB7FD /* AppsRowCell.swift in Sources */,
				CB7AC2B9226C60050028369D /* AppFullScreenController.swift in Sources */,
				CB2A2CAA226B382800EF8C8E /* HorizontalSnappingCVC.swift in Sources */,
				CBA27538226363DE00614A36 /* AppsGroupCell.swift in Sources */,
				CBA7D8FB225A8A5B00DF1559 /* Service.swift in Sources */,
				CB2A2CA6226B235200EF8C8E /* SocialApp.swift in Sources */,
				CBA7D8DD225906EA00DF1559 /* AppDelegate.swift in Sources */,
				CBA7D8EF225922BE00DF1559 /* BaseTabBarController.swift in Sources */,
				CB7AC2BB226C685A0028369D /* AppFullScreenDescriptionCell.swift in Sources */,
				CB7D94262269FC3C007CB7FD /* AppsHeaderCell.swift in Sources */,
				CB7D941E2269DC21007CB7FD /* AppsHorizontalController.swift in Sources */,
				CB2A2CAF226B945F00EF8C8E /* TodayCell.swift in Sources */,
				CB7D9428226A14D2007CB7FD /* AppGroup.swift in Sources */,
				CBA7D8F222592A1600DF1559 /* SearchController.swift in Sources */,
				CBA7D8F8225A860700DF1559 /* SearchResult.swift in Sources */,
				CBA7D8F52259659D00DF1559 /* SearchResultCell.swift in Sources */,
				CB7AC2BF226CBA920028369D /* AppFullScreenHeaderCell.swift in Sources */,
				CBA275352262720D00614A36 /* AppsController.swift in Sources */,
				CB2A2CAD226B873800EF8C8E /* TodayController.swift in Sources */,
			);
			runOnlyForDeploymentPostprocessing = 0;
		};
/* End PBXSourcesBuildPhase section */

/* Begin PBXVariantGroup section */
		CBA7D8E0225906EA00DF1559 /* Main.storyboard */ = {
			isa = PBXVariantGroup;
			children = (
				CBA7D8E1225906EA00DF1559 /* Base */,
			);
			name = Main.storyboard;
			sourceTree = "<group>";
		};
		CBA7D8E5225906EB00DF1559 /* LaunchScreen.storyboard */ = {
			isa = PBXVariantGroup;
			children = (
				CBA7D8E6225906EB00DF1559 /* Base */,
			);
			name = LaunchScreen.storyboard;
			sourceTree = "<group>";
		};
/* End PBXVariantGroup section */

/* Begin XCBuildConfiguration section */
		CBA7D8E9225906EB00DF1559 /* Debug */ = {
			isa = XCBuildConfiguration;
			buildSettings = {
				ALWAYS_SEARCH_USER_PATHS = NO;
				CLANG_ANALYZER_NONNULL = YES;
				CLANG_ANALYZER_NUMBER_OBJECT_CONVERSION = YES_AGGRESSIVE;
				CLANG_CXX_LANGUAGE_STANDARD = "gnu++14";
				CLANG_CXX_LIBRARY = "libc++";
				CLANG_ENABLE_MODULES = YES;
				CLANG_ENABLE_OBJC_ARC = YES;
				CLANG_ENABLE_OBJC_WEAK = YES;
				CLANG_WARN_BLOCK_CAPTURE_AUTORELEASING = YES;
				CLANG_WARN_BOOL_CONVERSION = YES;
				CLANG_WARN_COMMA = YES;
				CLANG_WARN_CONSTANT_CONVERSION = YES;
				CLANG_WARN_DEPRECATED_OBJC_IMPLEMENTATIONS = YES;
				CLANG_WARN_DIRECT_OBJC_ISA_USAGE = YES_ERROR;
				CLANG_WARN_DOCUMENTATION_COMMENTS = YES;
				CLANG_WARN_EMPTY_BODY = YES;
				CLANG_WARN_ENUM_CONVERSION = YES;
				CLANG_WARN_INFINITE_RECURSION = YES;
				CLANG_WARN_INT_CONVERSION = YES;
				CLANG_WARN_NON_LITERAL_NULL_CONVERSION = YES;
				CLANG_WARN_OBJC_IMPLICIT_RETAIN_SELF = YES;
				CLANG_WARN_OBJC_LITERAL_CONVERSION = YES;
				CLANG_WARN_OBJC_ROOT_CLASS = YES_ERROR;
				CLANG_WARN_RANGE_LOOP_ANALYSIS = YES;
				CLANG_WARN_STRICT_PROTOTYPES = YES;
				CLANG_WARN_SUSPICIOUS_MOVE = YES;
				CLANG_WARN_UNGUARDED_AVAILABILITY = YES_AGGRESSIVE;
				CLANG_WARN_UNREACHABLE_CODE = YES;
				CLANG_WARN__DUPLICATE_METHOD_MATCH = YES;
				CODE_SIGN_IDENTITY = "iPhone Developer";
				COPY_PHASE_STRIP = NO;
				DEBUG_INFORMATION_FORMAT = dwarf;
				ENABLE_STRICT_OBJC_MSGSEND = YES;
				ENABLE_TESTABILITY = YES;
				GCC_C_LANGUAGE_STANDARD = gnu11;
				GCC_DYNAMIC_NO_PIC = NO;
				GCC_NO_COMMON_BLOCKS = YES;
				GCC_OPTIMIZATION_LEVEL = 0;
				GCC_PREPROCESSOR_DEFINITIONS = (
					"DEBUG=1",
					"$(inherited)",
				);
				GCC_WARN_64_TO_32_BIT_CONVERSION = YES;
				GCC_WARN_ABOUT_RETURN_TYPE = YES_ERROR;
				GCC_WARN_UNDECLARED_SELECTOR = YES;
				GCC_WARN_UNINITIALIZED_AUTOS = YES_AGGRESSIVE;
				GCC_WARN_UNUSED_FUNCTION = YES;
				GCC_WARN_UNUSED_VARIABLE = YES;
				IPHONEOS_DEPLOYMENT_TARGET = 12.1;
				MTL_ENABLE_DEBUG_INFO = INCLUDE_SOURCE;
				MTL_FAST_MATH = YES;
				ONLY_ACTIVE_ARCH = YES;
				SDKROOT = iphoneos;
				SWIFT_ACTIVE_COMPILATION_CONDITIONS = DEBUG;
				SWIFT_OPTIMIZATION_LEVEL = "-Onone";
			};
			name = Debug;
		};
		CBA7D8EA225906EB00DF1559 /* Release */ = {
			isa = XCBuildConfiguration;
			buildSettings = {
				ALWAYS_SEARCH_USER_PATHS = NO;
				CLANG_ANALYZER_NONNULL = YES;
				CLANG_ANALYZER_NUMBER_OBJECT_CONVERSION = YES_AGGRESSIVE;
				CLANG_CXX_LANGUAGE_STANDARD = "gnu++14";
				CLANG_CXX_LIBRARY = "libc++";
				CLANG_ENABLE_MODULES = YES;
				CLANG_ENABLE_OBJC_ARC = YES;
				CLANG_ENABLE_OBJC_WEAK = YES;
				CLANG_WARN_BLOCK_CAPTURE_AUTORELEASING = YES;
				CLANG_WARN_BOOL_CONVERSION = YES;
				CLANG_WARN_COMMA = YES;
				CLANG_WARN_CONSTANT_CONVERSION = YES;
				CLANG_WARN_DEPRECATED_OBJC_IMPLEMENTATIONS = YES;
				CLANG_WARN_DIRECT_OBJC_ISA_USAGE = YES_ERROR;
				CLANG_WARN_DOCUMENTATION_COMMENTS = YES;
				CLANG_WARN_EMPTY_BODY = YES;
				CLANG_WARN_ENUM_CONVERSION = YES;
				CLANG_WARN_INFINITE_RECURSION = YES;
				CLANG_WARN_INT_CONVERSION = YES;
				CLANG_WARN_NON_LITERAL_NULL_CONVERSION = YES;
				CLANG_WARN_OBJC_IMPLICIT_RETAIN_SELF = YES;
				CLANG_WARN_OBJC_LITERAL_CONVERSION = YES;
				CLANG_WARN_OBJC_ROOT_CLASS = YES_ERROR;
				CLANG_WARN_RANGE_LOOP_ANALYSIS = YES;
				CLANG_WARN_STRICT_PROTOTYPES = YES;
				CLANG_WARN_SUSPICIOUS_MOVE = YES;
				CLANG_WARN_UNGUARDED_AVAILABILITY = YES_AGGRESSIVE;
				CLANG_WARN_UNREACHABLE_CODE = YES;
				CLANG_WARN__DUPLICATE_METHOD_MATCH = YES;
				CODE_SIGN_IDENTITY = "iPhone Developer";
				COPY_PHASE_STRIP = NO;
				DEBUG_INFORMATION_FORMAT = "dwarf-with-dsym";
				ENABLE_NS_ASSERTIONS = NO;
				ENABLE_STRICT_OBJC_MSGSEND = YES;
				GCC_C_LANGUAGE_STANDARD = gnu11;
				GCC_NO_COMMON_BLOCKS = YES;
				GCC_WARN_64_TO_32_BIT_CONVERSION = YES;
				GCC_WARN_ABOUT_RETURN_TYPE = YES_ERROR;
				GCC_WARN_UNDECLARED_SELECTOR = YES;
				GCC_WARN_UNINITIALIZED_AUTOS = YES_AGGRESSIVE;
				GCC_WARN_UNUSED_FUNCTION = YES;
				GCC_WARN_UNUSED_VARIABLE = YES;
				IPHONEOS_DEPLOYMENT_TARGET = 12.1;
				MTL_ENABLE_DEBUG_INFO = NO;
				MTL_FAST_MATH = YES;
				SDKROOT = iphoneos;
				SWIFT_COMPILATION_MODE = wholemodule;
				SWIFT_OPTIMIZATION_LEVEL = "-O";
				VALIDATE_PRODUCT = YES;
			};
			name = Release;
		};
		CBA7D8EC225906EB00DF1559 /* Debug */ = {
			isa = XCBuildConfiguration;
			baseConfigurationReference = D3E345CC88691AB91929BAFF /* Pods-AppStoreTest.debug.xcconfig */;
			buildSettings = {
				ASSETCATALOG_COMPILER_APPICON_NAME = AppIcon;
				CODE_SIGN_STYLE = Automatic;
				DEVELOPMENT_TEAM = 767P8T3PRU;
				INFOPLIST_FILE = AppStoreTest/Info.plist;
				LD_RUNPATH_SEARCH_PATHS = (
					"$(inherited)",
					"@executable_path/Frameworks",
				);
				PRODUCT_BUNDLE_IDENTIFIER = com.tunasson.AppStoreTest;
				PRODUCT_NAME = "$(TARGET_NAME)";
				SWIFT_VERSION = 4.2;
				TARGETED_DEVICE_FAMILY = "1,2";
			};
			name = Debug;
		};
		CBA7D8ED225906EB00DF1559 /* Release */ = {
			isa = XCBuildConfiguration;
			baseConfigurationReference = 25800B6013E43C305D0A09A6 /* Pods-AppStoreTest.release.xcconfig */;
			buildSettings = {
				ASSETCATALOG_COMPILER_APPICON_NAME = AppIcon;
				CODE_SIGN_STYLE = Automatic;
				DEVELOPMENT_TEAM = 767P8T3PRU;
				INFOPLIST_FILE = AppStoreTest/Info.plist;
				LD_RUNPATH_SEARCH_PATHS = (
					"$(inherited)",
					"@executable_path/Frameworks",
				);
				PRODUCT_BUNDLE_IDENTIFIER = com.tunasson.AppStoreTest;
				PRODUCT_NAME = "$(TARGET_NAME)";
				SWIFT_VERSION = 4.2;
				TARGETED_DEVICE_FAMILY = "1,2";
			};
			name = Release;
		};
/* End XCBuildConfiguration section */

/* Begin XCConfigurationList section */
		CBA7D8D4225906EA00DF1559 /* Build configuration list for PBXProject "AppStoreTest" */ = {
			isa = XCConfigurationList;
			buildConfigurations = (
				CBA7D8E9225906EB00DF1559 /* Debug */,
				CBA7D8EA225906EB00DF1559 /* Release */,
			);
			defaultConfigurationIsVisible = 0;
			defaultConfigurationName = Release;
		};
		CBA7D8EB225906EB00DF1559 /* Build configuration list for PBXNativeTarget "AppStoreTest" */ = {
			isa = XCConfigurationList;
			buildConfigurations = (
				CBA7D8EC225906EB00DF1559 /* Debug */,
				CBA7D8ED225906EB00DF1559 /* Release */,
			);
			defaultConfigurationIsVisible = 0;
			defaultConfigurationName = Release;
		};
/* End XCConfigurationList section */
	};
	rootObject = CBA7D8D1225906EA00DF1559 /* Project object */;
}
